
Microsoft Visual Studio Solution File, Format Version 12.00
# Visual Studio 15
VisualStudioVersion = 15.0.26403.7
MinimumVisualStudioVersion = 10.0.40219.1
Project("{FAE04EC0-301F-11D3-BF4B-00C04F79EFBC}") = "Dataflow_Playground", "Dataflow_Playground\Dataflow_Playground.csproj", "{65FD2C3F-0A17-4097-9386-BA65CDE97821}"
EndProject
Global
	GlobalSection(SolutionConfigurationPlatforms) = preSolution
		Debug|Any CPU = Debug|Any CPU
		Release|Any CPU = Release|Any CPU
	EndGlobalSection
	GlobalSection(ProjectConfigurationPlatforms) = postSolution
		{65FD2C3F-0A17-4097-9386-BA65CDE97821}.Debug|Any CPU.ActiveCfg = Debug|Any CPU
		{65FD2C3F-0A17-4097-9386-BA65CDE97821}.Debug|Any CPU.Build.0 = Debug|Any CPU
		{65FD2C3F-0A17-4097-9386-BA65CDE97821}.Release|Any CPU.ActiveCfg = Release|Any CPU
		{65FD2C3F-0A17-4097-9386-BA65CDE97821}.Release|Any CPU.Build.0 = Release|Any CPU
	EndGlobalSection
	GlobalSection(SolutionProperties) = preSolution
		HideSolutionNode = FALSE
	EndGlobalSection
EndGlobal
